# THIS IS AN AUTOGENERATED FILE. DO NOT EDIT THIS FILE DIRECTLY.
# yarn lockfile v1


inflection@~1.2.6:
  version "1.2.7"
  resolved "https://registry.yarnpkg.com/inflection/-/inflection-1.2.7.tgz#59db4505310a746677182ed46e155e003bfb3591"

q@~0.9.6:
  version "0.9.7"
  resolved "https://registry.yarnpkg.com/q/-/q-0.9.7.tgz#4de2e6cb3b29088c9e4cbc03bf9d42fb96ce2f75"

sax@0.4.x:
  version "0.4.3"
  resolved "https://registry.yarnpkg.com/sax/-/sax-0.4.3.tgz#700e3a34eb2e792ce380791c71280f3731965ddc"

typedef@~0.13.2:
  version "0.13.2"
  resolved "https://registry.yarnpkg.com/typedef/-/typedef-0.13.2.tgz#5664ef5cc32a376b35b1d9e910423da0db6081ab"
  dependencies:
    underscore "~1.5.1"

underscore@~1.5.1:
  version "1.5.2"
  resolved "https://registry.yarnpkg.com/underscore/-/underscore-1.5.2.tgz#1335c5e4f5e6d33bbb4b006ba8c86a00f556de08"

xmlbuilder@0.4.2:
  version "0.4.2"
  resolved "https://registry.yarnpkg.com/xmlbuilder/-/xmlbuilder-0.4.2.tgz#1776d65f3fdbad470a08d8604cdeb1c4e540ff83"

xmlrpc@~1.1.0:
  version "1.1.1"
  resolved "https://registry.yarnpkg.com/xmlrpc/-/xmlrpc-1.1.1.tgz#74f05eb4d2f5423c0ddcff67d687b5c3dac5b77e"
  dependencies:
    sax "0.4.x"
    xmlbuilder "0.4.2"
